
Microsoft Visual Studio Solution File, Format Version 12.00
# Visual Studio 15
Project("{FAE04EC0-301F-11D3-BF4B-00C04F79EFBC}") = "MyCalculator.Android", "MyCalculator.Android\MyCalculator.Android.csproj", "{32AA811E-F01C-4BB5-8B28-8510847C8322}"
EndProject
Project("{FAE04EC0-301F-11D3-BF4B-00C04F79EFBC}") = "MyCalculator.iOS", "MyCalculator.iOS\MyCalculator.iOS.csproj", "{9BBD0FFC-6811-4927-8744-4B78BE422C5B}"
EndProject
Project("{FAE04EC0-301F-11D3-BF4B-00C04F79EFBC}") = "MyCalculator", "MyCalculator\MyCalculator.csproj", "{97AD5BCA-9526-44D1-9E02-D55C5A756703}"
EndProject
Global
	GlobalSection(SolutionConfigurationPlatforms) = preSolution
		Debug|Any CPU = Debug|Any CPU
		Release|Any CPU = Release|Any CPU
		Debug|iPhoneSimulator = Debug|iPhoneSimulator
		Release|iPhoneSimulator = Release|iPhoneSimulator
		Debug|iPhone = Debug|iPhone
		Release|iPhone = Release|iPhone
		Ad-Hoc|iPhone = Ad-Hoc|iPhone
		AppStore|iPhone = AppStore|iPhone
	EndGlobalSection
	GlobalSection(ProjectConfigurationPlatforms) = postSolution
		{32AA811E-F01C-4BB5-8B28-8510847C8322}.Debug|Any CPU.ActiveCfg = Debug|Any CPU
		{32AA811E-F01C-4BB5-8B28-8510847C8322}.Debug|Any CPU.Build.0 = Debug|Any CPU
		{32AA811E-F01C-4BB5-8B28-8510847C8322}.Release|Any CPU.ActiveCfg = Release|Any CPU
		{32AA811E-F01C-4BB5-8B28-8510847C8322}.Release|Any CPU.Build.0 = Release|Any CPU
		{32AA811E-F01C-4BB5-8B28-8510847C8322}.Debug|iPhoneSimulator.ActiveCfg = Debug|Any CPU
		{32AA811E-F01C-4BB5-8B28-8510847C8322}.Debug|iPhoneSimulator.Build.0 = Debug|Any CPU
		{32AA811E-F01C-4BB5-8B28-8510847C8322}.Release|iPhoneSimulator.ActiveCfg = Release|Any CPU
		{32AA811E-F01C-4BB5-8B28-8510847C8322}.Release|iPhoneSimulator.Build.0 = Release|Any CPU
		{32AA811E-F01C-4BB5-8B28-8510847C8322}.Debug|iPhone.ActiveCfg = Debug|Any CPU
		{32AA811E-F01C-4BB5-8B28-8510847C8322}.Debug|iPhone.Build.0 = Debug|Any CPU
		{32AA811E-F01C-4BB5-8B28-8510847C8322}.Release|iPhone.ActiveCfg = Release|Any CPU
		{32AA811E-F01C-4BB5-8B28-8510847C8322}.Release|iPhone.Build.0 = Release|Any CPU
		{32AA811E-F01C-4BB5-8B28-8510847C8322}.Ad-Hoc|iPhone.ActiveCfg = Debug|Any CPU
		{32AA811E-F01C-4BB5-8B28-8510847C8322}.Ad-Hoc|iPhone.Build.0 = Debug|Any CPU
		{32AA811E-F01C-4BB5-8B28-8510847C8322}.AppStore|iPhone.ActiveCfg = Debug|Any CPU
		{32AA811E-F01C-4BB5-8B28-8510847C8322}.AppStore|iPhone.Build.0 = Debug|Any CPU
		{9BBD0FFC-6811-4927-8744-4B78BE422C5B}.Debug|Any CPU.ActiveCfg = Debug|iPhoneSimulator
		{9BBD0FFC-6811-4927-8744-4B78BE422C5B}.Debug|Any CPU.Build.0 = Debug|iPhoneSimulator
		{9BBD0FFC-6811-4927-8744-4B78BE422C5B}.Release|Any CPU.ActiveCfg = Release|iPhoneSimulator
		{9BBD0FFC-6811-4927-8744-4B78BE422C5B}.Release|Any CPU.Build.0 = Release|iPhoneSimulator
		{9BBD0FFC-6811-4927-8744-4B78BE422C5B}.Debug|iPhoneSimulator.ActiveCfg = Debug|iPhoneSimulator
		{9BBD0FFC-6811-4927-8744-4B78BE422C5B}.Debug|iPhoneSimulator.Build.0 = Debug|iPhoneSimulator
		{9BBD0FFC-6811-4927-8744-4B78BE422C5B}.Release|iPhoneSimulator.ActiveCfg = Release|iPhoneSimulator
		{9BBD0FFC-6811-4927-8744-4B78BE422C5B}.Release|iPhoneSimulator.Build.0 = Release|iPhoneSimulator
		{9BBD0FFC-6811-4927-8744-4B78BE422C5B}.Debug|iPhone.ActiveCfg = Debug|iPhone
		{9BBD0FFC-6811-4927-8744-4B78BE422C5B}.Debug|iPhone.Build.0 = Debug|iPhone
		{9BBD0FFC-6811-4927-8744-4B78BE422C5B}.Release|iPhone.ActiveCfg = Release|iPhone
		{9BBD0FFC-6811-4927-8744-4B78BE422C5B}.Release|iPhone.Build.0 = Release|iPhone
		{9BBD0FFC-6811-4927-8744-4B78BE422C5B}.Ad-Hoc|iPhone.ActiveCfg = Ad-Hoc|iPhone
		{9BBD0FFC-6811-4927-8744-4B78BE422C5B}.Ad-Hoc|iPhone.Build.0 = Ad-Hoc|iPhone
		{9BBD0FFC-6811-4927-8744-4B78BE422C5B}.AppStore|iPhone.ActiveCfg = AppStore|iPhone
		{9BBD0FFC-6811-4927-8744-4B78BE422C5B}.AppStore|iPhone.Build.0 = AppStore|iPhone
		{97AD5BCA-9526-44D1-9E02-D55C5A756703}.Debug|Any CPU.ActiveCfg = Debug|Any CPU
		{97AD5BCA-9526-44D1-9E02-D55C5A756703}.Debug|Any CPU.Build.0 = Debug|Any CPU
		{97AD5BCA-9526-44D1-9E02-D55C5A756703}.Release|Any CPU.ActiveCfg = Release|Any CPU
		{97AD5BCA-9526-44D1-9E02-D55C5A756703}.Release|Any CPU.Build.0 = Release|Any CPU
		{97AD5BCA-9526-44D1-9E02-D55C5A756703}.Debug|iPhoneSimulator.ActiveCfg = Debug|Any CPU
		{97AD5BCA-9526-44D1-9E02-D55C5A756703}.Debug|iPhoneSimulator.Build.0 = Debug|Any CPU
		{97AD5BCA-9526-44D1-9E02-D55C5A756703}.Release|iPhoneSimulator.ActiveCfg = Release|Any CPU
		{97AD5BCA-9526-44D1-9E02-D55C5A756703}.Release|iPhoneSimulator.Build.0 = Release|Any CPU
		{97AD5BCA-9526-44D1-9E02-D55C5A756703}.Debug|iPhone.ActiveCfg = Debug|Any CPU
		{97AD5BCA-9526-44D1-9E02-D55C5A756703}.Debug|iPhone.Build.0 = Debug|Any CPU
		{97AD5BCA-9526-44D1-9E02-D55C5A756703}.Release|iPhone.ActiveCfg = Release|Any CPU
		{97AD5BCA-9526-44D1-9E02-D55C5A756703}.Release|iPhone.Build.0 = Release|Any CPU
		{97AD5BCA-9526-44D1-9E02-D55C5A756703}.Ad-Hoc|iPhone.ActiveCfg = Debug|Any CPU
		{97AD5BCA-9526-44D1-9E02-D55C5A756703}.Ad-Hoc|iPhone.Build.0 = Debug|Any CPU
		{97AD5BCA-9526-44D1-9E02-D55C5A756703}.AppStore|iPhone.ActiveCfg = Debug|Any CPU
		{97AD5BCA-9526-44D1-9E02-D55C5A756703}.AppStore|iPhone.Build.0 = Debug|Any CPU
	EndGlobalSection
EndGlobal
